
Microsoft Visual Studio Solution File, Format Version 12.00
# Visual Studio 15
VisualStudioVersion = 15.0.27703.2000
MinimumVisualStudioVersion = 10.0.40219.1
Project("{9A19103F-16F7-4668-BE54-9A1E7A4F7556}") = "BookingEngineV1", "BookingEngineV1\BookingEngineV1.csproj", "{7AF7C014-3AD5-45DD-8260-D46E17AEA6E7}"
EndProject
Global
	GlobalSection(SolutionConfigurationPlatforms) = preSolution
		Debug|Any CPU = Debug|Any CPU
		Release|Any CPU = Release|Any CPU
	EndGlobalSection
	GlobalSection(ProjectConfigurationPlatforms) = postSolution
		{7AF7C014-3AD5-45DD-8260-D46E17AEA6E7}.Debug|Any CPU.ActiveCfg = Debug|Any CPU
		{7AF7C014-3AD5-45DD-8260-D46E17AEA6E7}.Debug|Any CPU.Build.0 = Debug|Any CPU
		{7AF7C014-3AD5-45DD-8260-D46E17AEA6E7}.Release|Any CPU.ActiveCfg = Release|Any CPU
		{7AF7C014-3AD5-45DD-8260-D46E17AEA6E7}.Release|Any CPU.Build.0 = Release|Any CPU
	EndGlobalSection
	GlobalSection(SolutionProperties) = preSolution
		HideSolutionNode = FALSE
	EndGlobalSection
	GlobalSection(ExtensibilityGlobals) = postSolution
		SolutionGuid = {A3E36843-229F-49F4-9AB4-F803513DD616}
	EndGlobalSection
EndGlobal
